
Microsoft Visual Studio Solution File, Format Version 12.00
# Visual Studio Version 16
VisualStudioVersion = 16.0.29306.81
MinimumVisualStudioVersion = 10.0.40219.1
Project("{FAE04EC0-301F-11D3-BF4B-00C04F79EFBC}") = "Price-List", "Price-List\Price-List.csproj", "{FFE74088-5779-4808-94BB-C4F585ED1BBC}"
EndProject
Global
	GlobalSection(SolutionConfigurationPlatforms) = preSolution
		Debug|Any CPU = Debug|Any CPU
		Release|Any CPU = Release|Any CPU
	EndGlobalSection
	GlobalSection(ProjectConfigurationPlatforms) = postSolution
		{FFE74088-5779-4808-94BB-C4F585ED1BBC}.Debug|Any CPU.ActiveCfg = Debug|Any CPU
		{FFE74088-5779-4808-94BB-C4F585ED1BBC}.Debug|Any CPU.Build.0 = Debug|Any CPU
		{FFE74088-5779-4808-94BB-C4F585ED1BBC}.Release|Any CPU.ActiveCfg = Release|Any CPU
		{FFE74088-5779-4808-94BB-C4F585ED1BBC}.Release|Any CPU.Build.0 = Release|Any CPU
	EndGlobalSection
	GlobalSection(SolutionProperties) = preSolution
		HideSolutionNode = FALSE
	EndGlobalSection
	GlobalSection(ExtensibilityGlobals) = postSolution
		SolutionGuid = {0151EE37-A40B-4946-BEDA-D37B5DC4970A}
	EndGlobalSection
EndGlobal
